
Microsoft Visual Studio Solution File, Format Version 12.00
# Visual Studio Version 17
VisualStudioVersion = 17.14.36202.13 d17.14
MinimumVisualStudioVersion = 10.0.40219.1
Project("{FAE04EC0-301F-11D3-BF4B-00C04F79EFBC}") = "FileReadWrite.", "..\FileReadWrite\FileReadWrite..csproj", "{70556C20-B389-4CA2-A39E-9FBDCE2E09FF}"
EndProject
Global
	GlobalSection(SolutionConfigurationPlatforms) = preSolution
		Debug|Any CPU = Debug|Any CPU
		Release|Any CPU = Release|Any CPU
	EndGlobalSection
	GlobalSection(ProjectConfigurationPlatforms) = postSolution
		{70556C20-B389-4CA2-A39E-9FBDCE2E09FF}.Debug|Any CPU.ActiveCfg = Debug|Any CPU
		{70556C20-B389-4CA2-A39E-9FBDCE2E09FF}.Debug|Any CPU.Build.0 = Debug|Any CPU
		{70556C20-B389-4CA2-A39E-9FBDCE2E09FF}.Release|Any CPU.ActiveCfg = Release|Any CPU
		{70556C20-B389-4CA2-A39E-9FBDCE2E09FF}.Release|Any CPU.Build.0 = Release|Any CPU
	EndGlobalSection
	GlobalSection(SolutionProperties) = preSolution
		HideSolutionNode = FALSE
	EndGlobalSection
	GlobalSection(ExtensibilityGlobals) = postSolution
		SolutionGuid = {72A412DE-B4D7-4A65-A8ED-3E7DA5303B50}
	EndGlobalSection
EndGlobal
