
Microsoft Visual Studio Solution File, Format Version 12.00
# Visual Studio Version 17
VisualStudioVersion = 17.13.35919.96 d17.13
MinimumVisualStudioVersion = 10.0.40219.1
Project("{FAE04EC0-301F-11D3-BF4B-00C04F79EFBC}") = "Lab_04", "Lab_04\Lab_04.csproj", "{F5A69D9B-DDA2-48DE-A258-1E70C5763D82}"
EndProject
Global
	GlobalSection(SolutionConfigurationPlatforms) = preSolution
		Debug|Any CPU = Debug|Any CPU
		Release|Any CPU = Release|Any CPU
	EndGlobalSection
	GlobalSection(ProjectConfigurationPlatforms) = postSolution
		{F5A69D9B-DDA2-48DE-A258-1E70C5763D82}.Debug|Any CPU.ActiveCfg = Debug|Any CPU
		{F5A69D9B-DDA2-48DE-A258-1E70C5763D82}.Debug|Any CPU.Build.0 = Debug|Any CPU
		{F5A69D9B-DDA2-48DE-A258-1E70C5763D82}.Release|Any CPU.ActiveCfg = Release|Any CPU
		{F5A69D9B-DDA2-48DE-A258-1E70C5763D82}.Release|Any CPU.Build.0 = Release|Any CPU
	EndGlobalSection
	GlobalSection(SolutionProperties) = preSolution
		HideSolutionNode = FALSE
	EndGlobalSection
	GlobalSection(ExtensibilityGlobals) = postSolution
		SolutionGuid = {0A51E5D1-23B2-4A86-9E95-E0AF0BA8A396}
	EndGlobalSection
EndGlobal
